
Microsoft Visual Studio Solution File, Format Version 12.00
# Visual Studio Version 17
VisualStudioVersion = 17.0.31912.275
MinimumVisualStudioVersion = 10.0.40219.1
Project("{FAE04EC0-301F-11D3-BF4B-00C04F79EFBC}") = "module4", "module4\module4.csproj", "{A0C6F49B-7410-4952-B5E2-2FCE4E035A1A}"
EndProject
Global
	GlobalSection(SolutionConfigurationPlatforms) = preSolution
		Debug|Any CPU = Debug|Any CPU
		Release|Any CPU = Release|Any CPU
	EndGlobalSection
	GlobalSection(ProjectConfigurationPlatforms) = postSolution
		{A0C6F49B-7410-4952-B5E2-2FCE4E035A1A}.Debug|Any CPU.ActiveCfg = Debug|Any CPU
		{A0C6F49B-7410-4952-B5E2-2FCE4E035A1A}.Debug|Any CPU.Build.0 = Debug|Any CPU
		{A0C6F49B-7410-4952-B5E2-2FCE4E035A1A}.Release|Any CPU.ActiveCfg = Release|Any CPU
		{A0C6F49B-7410-4952-B5E2-2FCE4E035A1A}.Release|Any CPU.Build.0 = Release|Any CPU
	EndGlobalSection
	GlobalSection(SolutionProperties) = preSolution
		HideSolutionNode = FALSE
	EndGlobalSection
	GlobalSection(ExtensibilityGlobals) = postSolution
		SolutionGuid = {E44A828D-270E-4338-9DEE-A1A43F14954F}
	EndGlobalSection
EndGlobal
